github.com/btcsuite/btclog v0.0.0-20170628155309-84c8d2346e9f/go.mod h1:TdznJufoqS23FtqVCzL0ZqgP5MqXbb4fg/WgDys70nA=
github.com/btcsuite/btcwallet/walletdb v1.4.0 h1:/C5JRF+dTuE2CNMCO/or5N8epsrhmSM4710uBQoYPTQ=
github.com/btcsuite/btcwallet/walletdb v1.4.0/go.mod h1:oJDxAEUHVtnmIIBaa22wSBPTVcs6hUp5NKWmI8xDwwU=
github.com/davecgh/go-spew v1.1.1/go.mod h1:J7Y8YcW2NihsgmVo/mv3lAwl/skON4iLHjSsI+c5H38=
github.com/linden/indexeddb v0.0.0-20240218035359-81389d584a5e h1:6FTMUiW0wI+my/+7w4CEEYt5zvGmbAjugt2q/fCUyBM=
github.com/linden/indexeddb v0.0.0-20240218035359-81389d584a5e/go.mod h1:2AP38q2ks+pRwMc2EhmCexlyri456KCewavN30MZQ8Y=
github.com/linden/tempdb v0.0.0-20240218031655-83bc03e79f51 h1:RfZREkHD3XpItaIN2I1/tb2hCzE2TN5e14OkTH6Sv74=
github.com/linden/tempdb v0.0.0-20240218031655-83bc03e79f51/go.mod h1:xR9HUmc4girdp/lNzw1jOt53GaCSmctyB8t+Q6EkWp8=
go.etcd.io/bbolt v1.3.5-0.20200615073812-232d8fc87f50 h1:ASw9n1EHMftwnP3Az4XW6e308+gNsrHzmdhd0Olz9Hs=
go.etcd.io/bbolt v1.3.5-0.20200615073812-232d8fc87f50/go.mod h1:G5EMThwa9y8QZGBClrRx5EY+Yw9kAhnjy3bSjsnlVTQ=
golang.org/x/sys v0.0.0-20200202164722-d101bd2416d5 h1:LfCXLvNmTYH9kEmVgqbnsWfruoXZIrh4YBgqVHtDvw0=
golang.org/x/sys v0.0.0-20200202164722-d101bd2416d5/go.mod h1:h1NjWce9XRLGQEsW7wpKNCjG9DtNlClVuFLEZdDNbEs=
